
Microsoft Visual Studio Solution File, Format Version 12.00
# Visual Studio Version 17
VisualStudioVersion = 17.10.35122.118
MinimumVisualStudioVersion = 10.0.40219.1
Project("{9A19103F-16F7-4668-BE54-9A1E7A4F7556}") = "Munchkin.Domain", "Munchkin.Domain\Munchkin.Domain.csproj", "{D1F0C35B-AA28-4E58-82D8-0C61B3682BE9}"
EndProject
Project("{9A19103F-16F7-4668-BE54-9A1E7A4F7556}") = "Munchkin.ApplicationService", "Munchkin.ApplicationService\Munchkin.ApplicationService.csproj", "{7DA76013-C430-4C98-BBFC-98BD78B25C04}"
EndProject
Project("{9A19103F-16F7-4668-BE54-9A1E7A4F7556}") = "Munchkin.WinFormsApp", "Munchkin.WinFormsApp\Munchkin.WinFormsApp.csproj", "{D897326A-BFAA-427B-8AE1-053E9C9D2177}"
EndProject
Project("{54435603-DBB4-11D2-8724-00A0C9A8B90C}") = "MunchkinSetup", "MunchkinSetup\MunchkinSetup.vdproj", "{E5A55BFD-8BB6-48FB-9FD5-FA5CCDB84533}"
EndProject
Global
	GlobalSection(SolutionConfigurationPlatforms) = preSolution
		Debug|Any CPU = Debug|Any CPU
		Release|Any CPU = Release|Any CPU
	EndGlobalSection
	GlobalSection(ProjectConfigurationPlatforms) = postSolution
		{D1F0C35B-AA28-4E58-82D8-0C61B3682BE9}.Debug|Any CPU.ActiveCfg = Debug|Any CPU
		{D1F0C35B-AA28-4E58-82D8-0C61B3682BE9}.Debug|Any CPU.Build.0 = Debug|Any CPU
		{D1F0C35B-AA28-4E58-82D8-0C61B3682BE9}.Release|Any CPU.ActiveCfg = Release|Any CPU
		{D1F0C35B-AA28-4E58-82D8-0C61B3682BE9}.Release|Any CPU.Build.0 = Release|Any CPU
		{7DA76013-C430-4C98-BBFC-98BD78B25C04}.Debug|Any CPU.ActiveCfg = Debug|Any CPU
		{7DA76013-C430-4C98-BBFC-98BD78B25C04}.Debug|Any CPU.Build.0 = Debug|Any CPU
		{7DA76013-C430-4C98-BBFC-98BD78B25C04}.Release|Any CPU.ActiveCfg = Release|Any CPU
		{7DA76013-C430-4C98-BBFC-98BD78B25C04}.Release|Any CPU.Build.0 = Release|Any CPU
		{D897326A-BFAA-427B-8AE1-053E9C9D2177}.Debug|Any CPU.ActiveCfg = Debug|Any CPU
		{D897326A-BFAA-427B-8AE1-053E9C9D2177}.Debug|Any CPU.Build.0 = Debug|Any CPU
		{D897326A-BFAA-427B-8AE1-053E9C9D2177}.Release|Any CPU.ActiveCfg = Release|Any CPU
		{D897326A-BFAA-427B-8AE1-053E9C9D2177}.Release|Any CPU.Build.0 = Release|Any CPU
		{E5A55BFD-8BB6-48FB-9FD5-FA5CCDB84533}.Debug|Any CPU.ActiveCfg = Debug
		{E5A55BFD-8BB6-48FB-9FD5-FA5CCDB84533}.Release|Any CPU.ActiveCfg = Release
	EndGlobalSection
	GlobalSection(SolutionProperties) = preSolution
		HideSolutionNode = FALSE
	EndGlobalSection
	GlobalSection(ExtensibilityGlobals) = postSolution
		SolutionGuid = {A2647AE8-5DF6-4CB5-B337-1EDFE5E4B8D5}
	EndGlobalSection
EndGlobal
